// !$*UTF8*$!
{
	archiveVersion = 1;
	classes = {
	};
	objectVersion = 48;
	objects = {

/* Begin PBXBuildFile section */
		19F56C372096AD69006F0D76 /* Restaurant.swift in Sources */ = {isa = PBXBuildFile; fileRef = 19F56C362096AD69006F0D76 /* Restaurant.swift */; };
		7F1090BC207C05490003AAD8 /* AppDelegate.swift in Sources */ = {isa = PBXBuildFile; fileRef = 7F1090BB207C05490003AAD8 /* AppDelegate.swift */; };
		7F1090BE207C05490003AAD8 /* ViewController.swift in Sources */ = {isa = PBXBuildFile; fileRef = 7F1090BD207C05490003AAD8 /* ViewController.swift */; };
		7F1090C1207C05490003AAD8 /* Main.storyboard in Resources */ = {isa = PBXBuildFile; fileRef = 7F1090BF207C05490003AAD8 /* Main.storyboard */; };
		7F1090C3207C05490003AAD8 /* Assets.xcassets in Resources */ = {isa = PBXBuildFile; fileRef = 7F1090C2207C05490003AAD8 /* Assets.xcassets */; };
		7F1090C6207C05490003AAD8 /* LaunchScreen.storyboard in Resources */ = {isa = PBXBuildFile; fileRef = 7F1090C4207C05490003AAD8 /* LaunchScreen.storyboard */; };
		7F1090D1207C05490003AAD8 /* ProjectThreeTests.swift in Sources */ = {isa = PBXBuildFile; fileRef = 7F1090D0207C05490003AAD8 /* ProjectThreeTests.swift */; };
		7F1090DC207C05490003AAD8 /* ProjectThreeUITests.swift in Sources */ = {isa = PBXBuildFile; fileRef = 7F1090DB207C05490003AAD8 /* ProjectThreeUITests.swift */; };
		7F1090EA207C09AB0003AAD8 /* mapsViewController.swift in Sources */ = {isa = PBXBuildFile; fileRef = 7F1090E9207C09AB0003AAD8 /* mapsViewController.swift */; };
		7F2A385A208E6FD200FE30A7 /* Property List.plist in Resources */ = {isa = PBXBuildFile; fileRef = 7F2A3859208E6FD200FE30A7 /* Property List.plist */; };
		7F2A385C208E747700FE30A7 /* detailViewController.swift in Sources */ = {isa = PBXBuildFile; fileRef = 7F2A385B208E747700FE30A7 /* detailViewController.swift */; };
/* End PBXBuildFile section */

/* Begin PBXContainerItemProxy section */
		7F1090CD207C05490003AAD8 /* PBXContainerItemProxy */ = {
			isa = PBXContainerItemProxy;
			containerPortal = 7F1090B0207C05490003AAD8 /* Project object */;
			proxyType = 1;
			remoteGlobalIDString = 7F1090B7207C05490003AAD8;
			remoteInfo = ProjectThree;
		};
		7F1090D8207C05490003AAD8 /* PBXContainerItemProxy */ = {
			isa = PBXContainerItemProxy;
			containerPortal = 7F1090B0207C05490003AAD8 /* Project object */;
			proxyType = 1;
			remoteGlobalIDString = 7F1090B7207C05490003AAD8;
			remoteInfo = ProjectThree;
		};
/* End PBXContainerItemProxy section */

/* Begin PBXFileReference section */
		19F56C362096AD69006F0D76 /* Restaurant.swift */ = {isa = PBXFileReference; lastKnownFileType = sourcecode.swift; path = Restaurant.swift; sourceTree = "<group>"; };
		7F1090B8207C05490003AAD8 /* ProjectThree.app */ = {isa = PBXFileReference; explicitFileType = wrapper.application; includeInIndex = 0; path = ProjectThree.app; sourceTree = BUILT_PRODUCTS_DIR; };
		7F1090BB207C05490003AAD8 /* AppDelegate.swift */ = {isa = PBXFileReference; lastKnownFileType = sourcecode.swift; path = AppDelegate.swift; sourceTree = "<group>"; };
		7F1090BD207C05490003AAD8 /* ViewController.swift */ = {isa = PBXFileReference; lastKnownFileType = sourcecode.swift; path = ViewController.swift; sourceTree = "<group>"; };
		7F1090C0207C05490003AAD8 /* Base */ = {isa = PBXFileReference; lastKnownFileType = file.storyboard; name = Base; path = Base.lproj/Main.storyboard; sourceTree = "<group>"; };
		7F1090C2207C05490003AAD8 /* Assets.xcassets */ = {isa = PBXFileReference; lastKnownFileType = folder.assetcatalog; path = Assets.xcassets; sourceTree = "<group>"; };
		7F1090C5207C05490003AAD8 /* Base */ = {isa = PBXFileReference; lastKnownFileType = file.storyboard; name = Base; path = Base.lproj/LaunchScreen.storyboard; sourceTree = "<group>"; };
		7F1090C7207C05490003AAD8 /* Info.plist */ = {isa = PBXFileReference; lastKnownFileType = text.plist.xml; path = Info.plist; sourceTree = "<group>"; };
		7F1090CC207C05490003AAD8 /* ProjectThreeTests.xctest */ = {isa = PBXFileReference; explicitFileType = wrapper.cfbundle; includeInIndex = 0; path = ProjectThreeTests.xctest; sourceTree = BUILT_PRODUCTS_DIR; };
		7F1090D0207C05490003AAD8 /* ProjectThreeTests.swift */ = {isa = PBXFileReference; lastKnownFileType = sourcecode.swift; path = ProjectThreeTests.swift; sourceTree = "<group>"; };
		7F1090D2207C05490003AAD8 /* Info.plist */ = {isa = PBXFileReference; lastKnownFileType = text.plist.xml; path = Info.plist; sourceTree = "<group>"; };
		7F1090D7207C05490003AAD8 /* ProjectThreeUITests.xctest */ = {isa = PBXFileReference; explicitFileType = wrapper.cfbundle; includeInIndex = 0; path = ProjectThreeUITests.xctest; sourceTree = BUILT_PRODUCTS_DIR; };
		7F1090DB207C05490003AAD8 /* ProjectThreeUITests.swift */ = {isa = PBXFileReference; lastKnownFileType = sourcecode.swift; path = ProjectThreeUITests.swift; sourceTree = "<group>"; };
		7F1090DD207C05490003AAD8 /* Info.plist */ = {isa = PBXFileReference; lastKnownFileType = text.plist.xml; path = Info.plist; sourceTree = "<group>"; };
		7F1090E9207C09AB0003AAD8 /* mapsViewController.swift */ = {isa = PBXFileReference; lastKnownFileType = sourcecode.swift; path = mapsViewController.swift; sourceTree = "<group>"; };
		7F2A3859208E6FD200FE30A7 /* Property List.plist */ = {isa = PBXFileReference; lastKnownFileType = text.plist.xml; path = "Property List.plist"; sourceTree = "<group>"; };
		7F2A385B208E747700FE30A7 /* detailViewController.swift */ = {isa = PBXFileReference; lastKnownFileType = sourcecode.swift; path = detailViewController.swift; sourceTree = "<group>"; };
/* End PBXFileReference section */

/* Begin PBXFrameworksBuildPhase section */
		7F1090B5207C05490003AAD8 /* Frameworks */ = {
			isa = PBXFrameworksBuildPhase;
			buildActionMask = 2147483647;
			files = (
			);
			runOnlyForDeploymentPostprocessing = 0;
		};
		7F1090C9207C05490003AAD8 /* Frameworks */ = {
			isa = PBXFrameworksBuildPhase;
			buildActionMask = 2147483647;
			files = (
			);
			runOnlyForDeploymentPostprocessing = 0;
		};
		7F1090D4207C05490003AAD8 /* Frameworks */ = {
			isa = PBXFrameworksBuildPhase;
			buildActionMask = 2147483647;
			files = (
			);
			runOnlyForDeploymentPostprocessing = 0;
		};
/* End PBXFrameworksBuildPhase section */

/* Begin PBXGroup section */
		7F1090AF207C05490003AAD8 = {
			isa = PBXGroup;
			children = (
				7F1090BA207C05490003AAD8 /* ProjectThree */,
				7F1090CF207C05490003AAD8 /* ProjectThreeTests */,
				7F1090DA207C05490003AAD8 /* ProjectThreeUITests */,
				7F1090B9207C05490003AAD8 /* Products */,
			);
			sourceTree = "<group>";
		};
		7F1090B9207C05490003AAD8 /* Products */ = {
			isa = PBXGroup;
			children = (
				7F1090B8207C05490003AAD8 /* ProjectThree.app */,
				7F1090CC207C05490003AAD8 /* ProjectThreeTests.xctest */,
				7F1090D7207C05490003AAD8 /* ProjectThreeUITests.xctest */,
			);
			name = Products;
			sourceTree = "<group>";
		};
		7F1090BA207C05490003AAD8 /* ProjectThree */ = {
			isa = PBXGroup;
			children = (
				7F1090BB207C05490003AAD8 /* AppDelegate.swift */,
				7F1090BD207C05490003AAD8 /* ViewController.swift */,
				7F1090BF207C05490003AAD8 /* Main.storyboard */,
				19F56C362096AD69006F0D76 /* Restaurant.swift */,
				7F2A385B208E747700FE30A7 /* detailViewController.swift */,
				7F2A3859208E6FD200FE30A7 /* Property List.plist */,
				7F1090E9207C09AB0003AAD8 /* mapsViewController.swift */,
				7F1090C2207C05490003AAD8 /* Assets.xcassets */,
				7F1090C4207C05490003AAD8 /* LaunchScreen.storyboard */,
				7F1090C7207C05490003AAD8 /* Info.plist */,
			);
			path = ProjectThree;
			sourceTree = "<group>";
		};
		7F1090CF207C05490003AAD8 /* ProjectThreeTests */ = {
			isa = PBXGroup;
			children = (
				7F1090D0207C05490003AAD8 /* ProjectThreeTests.swift */,
				7F1090D2207C05490003AAD8 /* Info.plist */,
			);
			path = ProjectThreeTests;
			sourceTree = "<group>";
		};
		7F1090DA207C05490003AAD8 /* ProjectThreeUITests */ = {
			isa = PBXGroup;
			children = (
				7F1090DB207C05490003AAD8 /* ProjectThreeUITests.swift */,
				7F1090DD207C05490003AAD8 /* Info.plist */,
			);
			path = ProjectThreeUITests;
			sourceTree = "<group>";
		};
/* End PBXGroup section */

/* Begin PBXNativeTarget section */
		7F1090B7207C05490003AAD8 /* ProjectThree */ = {
			isa = PBXNativeTarget;
			buildConfigurationList = 7F1090E0207C05490003AAD8 /* Build configuration list for PBXNativeTarget "ProjectThree" */;
			buildPhases = (
				7F1090B4207C05490003AAD8 /* Sources */,
				7F1090B5207C05490003AAD8 /* Frameworks */,
				7F1090B6207C05490003AAD8 /* Resources */,
			);
			buildRules = (
			);
			dependencies = (
			);
			name = ProjectThree;
			productName = ProjectThree;
			productReference = 7F1090B8207C05490003AAD8 /* ProjectThree.app */;
			productType = "com.apple.product-type.application";
		};
		7F1090CB207C05490003AAD8 /* ProjectThreeTests */ = {
			isa = PBXNativeTarget;
			buildConfigurationList = 7F1090E3207C05490003AAD8 /* Build configuration list for PBXNativeTarget "ProjectThreeTests" */;
			buildPhases = (
				7F1090C8207C05490003AAD8 /* Sources */,
				7F1090C9207C05490003AAD8 /* Frameworks */,
				7F1090CA207C05490003AAD8 /* Resources */,
			);
			buildRules = (
			);
			dependencies = (
				7F1090CE207C05490003AAD8 /* PBXTargetDependency */,
			);
			name = ProjectThreeTests;
			productName = ProjectThreeTests;
			productReference = 7F1090CC207C05490003AAD8 /* ProjectThreeTests.xctest */;
			productType = "com.apple.product-type.bundle.unit-test";
		};
		7F1090D6207C05490003AAD8 /* ProjectThreeUITests */ = {
			isa = PBXNativeTarget;
			buildConfigurationList = 7F1090E6207C05490003AAD8 /* Build configuration list for PBXNativeTarget "ProjectThreeUITests" */;
			buildPhases = (
				7F1090D3207C05490003AAD8 /* Sources */,
				7F1090D4207C05490003AAD8 /* Frameworks */,
				7F1090D5207C05490003AAD8 /* Resources */,
			);
			buildRules = (
			);
			dependencies = (
				7F1090D9207C05490003AAD8 /* PBXTargetDependency */,
			);
			name = ProjectThreeUITests;
			productName = ProjectThreeUITests;
			productReference = 7F1090D7207C05490003AAD8 /* ProjectThreeUITests.xctest */;
			productType = "com.apple.product-type.bundle.ui-testing";
		};
/* End PBXNativeTarget section */

/* Begin PBXProject section */
		7F1090B0207C05490003AAD8 /* Project object */ = {
			isa = PBXProject;
			attributes = {
				LastSwiftUpdateCheck = 0920;
				LastUpgradeCheck = 0920;
				ORGANIZATIONNAME = "CM Student";
				TargetAttributes = {
					7F1090B7207C05490003AAD8 = {
						CreatedOnToolsVersion = 9.2;
						ProvisioningStyle = Automatic;
					};
					7F1090CB207C05490003AAD8 = {
						CreatedOnToolsVersion = 9.2;
						ProvisioningStyle = Automatic;
						TestTargetID = 7F1090B7207C05490003AAD8;
					};
					7F1090D6207C05490003AAD8 = {
						CreatedOnToolsVersion = 9.2;
						ProvisioningStyle = Automatic;
						TestTargetID = 7F1090B7207C05490003AAD8;
					};
				};
			};
			buildConfigurationList = 7F1090B3207C05490003AAD8 /* Build configuration list for PBXProject "ProjectThree" */;
			compatibilityVersion = "Xcode 8.0";
			developmentRegion = en;
			hasScannedForEncodings = 0;
			knownRegions = (
				en,
				Base,
			);
			mainGroup = 7F1090AF207C05490003AAD8;
			productRefGroup = 7F1090B9207C05490003AAD8 /* Products */;
			projectDirPath = "";
			projectRoot = "";
			targets = (
				7F1090B7207C05490003AAD8 /* ProjectThree */,
				7F1090CB207C05490003AAD8 /* ProjectThreeTests */,
				7F1090D6207C05490003AAD8 /* ProjectThreeUITests */,
			);
		};
/* End PBXProject section */

/* Begin PBXResourcesBuildPhase section */
		7F1090B6207C05490003AAD8 /* Resources */ = {
			isa = PBXResourcesBuildPhase;
			buildActionMask = 2147483647;
			files = (
				7F1090C6207C05490003AAD8 /* LaunchScreen.storyboard in Resources */,
				7F1090C3207C05490003AAD8 /* Assets.xcassets in Resources */,
				7F2A385A208E6FD200FE30A7 /* Property List.plist in Resources */,
				7F1090C1207C05490003AAD8 /* Main.storyboard in Resources */,
			);
			runOnlyForDeploymentPostprocessing = 0;
		};
		7F1090CA207C05490003AAD8 /* Resources */ = {
			isa = PBXResourcesBuildPhase;
			buildActionMask = 2147483647;
			files = (
			);
			runOnlyForDeploymentPostprocessing = 0;
		};
		7F1090D5207C05490003AAD8 /* Resources */ = {
			isa = PBXResourcesBuildPhase;
			buildActionMask = 2147483647;
			files = (
			);
			runOnlyForDeploymentPostprocessing = 0;
		};
/* End PBXResourcesBuildPhase section */

/* Begin PBXSourcesBuildPhase section */
		7F1090B4207C05490003AAD8 /* Sources */ = {
			isa = PBXSourcesBuildPhase;
			buildActionMask = 2147483647;
			files = (
				19F56C372096AD69006F0D76 /* Restaurant.swift in Sources */,
				7F1090BE207C05490003AAD8 /* ViewController.swift in Sources */,
				7F1090BC207C05490003AAD8 /* AppDelegate.swift in Sources */,
				7F1090EA207C09AB0003AAD8 /* mapsViewController.swift in Sources */,
				7F2A385C208E747700FE30A7 /* detailViewController.swift in Sources */,
			);
			runOnlyForDeploymentPostprocessing = 0;
		};
		7F1090C8207C05490003AAD8 /* Sources */ = {
			isa = PBXSourcesBuildPhase;
			buildActionMask = 2147483647;
			files = (
				7F1090D1207C05490003AAD8 /* ProjectThreeTests.swift in Sources */,
			);
			runOnlyForDeploymentPostprocessing = 0;
		};
		7F1090D3207C05490003AAD8 /* Sources */ = {
			isa = PBXSourcesBuildPhase;
			buildActionMask = 2147483647;
			files = (
				7F1090DC207C05490003AAD8 /* ProjectThreeUITests.swift in Sources */,
			);
			runOnlyForDeploymentPostprocessing = 0;
		};
/* End PBXSourcesBuildPhase section */

/* Begin PBXTargetDependency section */
		7F1090CE207C05490003AAD8 /* PBXTargetDependency */ = {
			isa = PBXTargetDependency;
			target = 7F1090B7207C05490003AAD8 /* ProjectThree */;
			targetProxy = 7F1090CD207C05490003AAD8 /* PBXContainerItemProxy */;
		};
		7F1090D9207C05490003AAD8 /* PBXTargetDependency */ = {
			isa = PBXTargetDependency;
			target = 7F1090B7207C05490003AAD8 /* ProjectThree */;
			targetProxy = 7F1090D8207C05490003AAD8 /* PBXContainerItemProxy */;
		};
/* End PBXTargetDependency section */

/* Begin PBXVariantGroup section */
		7F1090BF207C05490003AAD8 /* Main.storyboard */ = {
			isa = PBXVariantGroup;
			children = (
				7F1090C0207C05490003AAD8 /* Base */,
			);
			name = Main.storyboard;
			sourceTree = "<group>";
		};
		7F1090C4207C05490003AAD8 /* LaunchScreen.storyboard */ = {
			isa = PBXVariantGroup;
			children = (
				7F1090C5207C05490003AAD8 /* Base */,
			);
			name = LaunchScreen.storyboard;
			sourceTree = "<group>";
		};
/* End PBXVariantGroup section */

/* Begin XCBuildConfiguration section */
		7F1090DE207C05490003AAD8 /* Debug */ = {
			isa = XCBuildConfiguration;
			buildSettings = {
				ALWAYS_SEARCH_USER_PATHS = NO;
				CLANG_ANALYZER_NONNULL = YES;
				CLANG_ANALYZER_NUMBER_OBJECT_CONVERSION = YES_AGGRESSIVE;
				CLANG_CXX_LANGUAGE_STANDARD = "gnu++14";
				CLANG_CXX_LIBRARY = "libc++";
				CLANG_ENABLE_MODULES = YES;
				CLANG_ENABLE_OBJC_ARC = YES;
				CLANG_WARN_BLOCK_CAPTURE_AUTORELEASING = YES;
				CLANG_WARN_BOOL_CONVERSION = YES;
				CLANG_WARN_COMMA = YES;
				CLANG_WARN_CONSTANT_CONVERSION = YES;
				CLANG_WARN_DIRECT_OBJC_ISA_USAGE = YES_ERROR;
				CLANG_WARN_DOCUMENTATION_COMMENTS = YES;
				CLANG_WARN_EMPTY_BODY = YES;
				CLANG_WARN_ENUM_CONVERSION = YES;
				CLANG_WARN_INFINITE_RECURSION = YES;
				CLANG_WARN_INT_CONVERSION = YES;
				CLANG_WARN_NON_LITERAL_NULL_CONVERSION = YES;
				CLANG_WARN_OBJC_LITERAL_CONVERSION = YES;
				CLANG_WARN_OBJC_ROOT_CLASS = YES_ERROR;
				CLANG_WARN_RANGE_LOOP_ANALYSIS = YES;
				CLANG_WARN_STRICT_PROTOTYPES = YES;
				CLANG_WARN_SUSPICIOUS_MOVE = YES;
				CLANG_WARN_UNGUARDED_AVAILABILITY = YES_AGGRESSIVE;
				CLANG_WARN_UNREACHABLE_CODE = YES;
				CLANG_WARN__DUPLICATE_METHOD_MATCH = YES;
				CODE_SIGN_IDENTITY = "iPhone Developer";
				COPY_PHASE_STRIP = NO;
				DEBUG_INFORMATION_FORMAT = dwarf;
				ENABLE_STRICT_OBJC_MSGSEND = YES;
				ENABLE_TESTABILITY = YES;
				GCC_C_LANGUAGE_STANDARD = gnu11;
				GCC_DYNAMIC_NO_PIC = NO;
				GCC_NO_COMMON_BLOCKS = YES;
				GCC_OPTIMIZATION_LEVEL = 0;
				GCC_PREPROCESSOR_DEFINITIONS = (
					"DEBUG=1",
					"$(inherited)",
				);
				GCC_WARN_64_TO_32_BIT_CONVERSION = YES;
				GCC_WARN_ABOUT_RETURN_TYPE = YES_ERROR;
				GCC_WARN_UNDECLARED_SELECTOR = YES;
				GCC_WARN_UNINITIALIZED_AUTOS = YES_AGGRESSIVE;
				GCC_WARN_UNUSED_FUNCTION = YES;
				GCC_WARN_UNUSED_VARIABLE = YES;
				IPHONEOS_DEPLOYMENT_TARGET = 11.2;
				MTL_ENABLE_DEBUG_INFO = YES;
				ONLY_ACTIVE_ARCH = YES;
				SDKROOT = iphoneos;
				SWIFT_ACTIVE_COMPILATION_CONDITIONS = DEBUG;
				SWIFT_OPTIMIZATION_LEVEL = "-Onone";
			};
			name = Debug;
		};
		7F1090DF207C05490003AAD8 /* Release */ = {
			isa = XCBuildConfiguration;
			buildSettings = {
				ALWAYS_SEARCH_USER_PATHS = NO;
				CLANG_ANALYZER_NONNULL = YES;
				CLANG_ANALYZER_NUMBER_OBJECT_CONVERSION = YES_AGGRESSIVE;
				CLANG_CXX_LANGUAGE_STANDARD = "gnu++14";
				CLANG_CXX_LIBRARY = "libc++";
				CLANG_ENABLE_MODULES = YES;
				CLANG_ENABLE_OBJC_ARC = YES;
				CLANG_WARN_BLOCK_CAPTURE_AUTORELEASING = YES;
				CLANG_WARN_BOOL_CONVERSION = YES;
				CLANG_WARN_COMMA = YES;
				CLANG_WARN_CONSTANT_CONVERSION = YES;
				CLANG_WARN_DIRECT_OBJC_ISA_USAGE = YES_ERROR;
				CLANG_WARN_DOCUMENTATION_COMMENTS = YES;
				CLANG_WARN_EMPTY_BODY = YES;
				CLANG_WARN_ENUM_CONVERSION = YES;
				CLANG_WARN_INFINITE_RECURSION = YES;
				CLANG_WARN_INT_CONVERSION = YES;
				CLANG_WARN_NON_LITERAL_NULL_CONVERSION = YES;
				CLANG_WARN_OBJC_LITERAL_CONVERSION = YES;
				CLANG_WARN_OBJC_ROOT_CLASS = YES_ERROR;
				CLANG_WARN_RANGE_LOOP_ANALYSIS = YES;
				CLANG_WARN_STRICT_PROTOTYPES = YES;
				CLANG_WARN_SUSPICIOUS_MOVE = YES;
				CLANG_WARN_UNGUARDED_AVAILABILITY = YES_AGGRESSIVE;
				CLANG_WARN_UNREACHABLE_CODE = YES;
				CLANG_WARN__DUPLICATE_METHOD_MATCH = YES;
				CODE_SIGN_IDENTITY = "iPhone Developer";
				COPY_PHASE_STRIP = NO;
				DEBUG_INFORMATION_FORMAT = "dwarf-with-dsym";
				ENABLE_NS_ASSERTIONS = NO;
				ENABLE_STRICT_OBJC_MSGSEND = YES;
				GCC_C_LANGUAGE_STANDARD = gnu11;
				GCC_NO_COMMON_BLOCKS = YES;
				GCC_WARN_64_TO_32_BIT_CONVERSION = YES;
				GCC_WARN_ABOUT_RETURN_TYPE = YES_ERROR;
				GCC_WARN_UNDECLARED_SELECTOR = YES;
				GCC_WARN_UNINITIALIZED_AUTOS = YES_AGGRESSIVE;
				GCC_WARN_UNUSED_FUNCTION = YES;
				GCC_WARN_UNUSED_VARIABLE = YES;
				IPHONEOS_DEPLOYMENT_TARGET = 11.2;
				MTL_ENABLE_DEBUG_INFO = NO;
				SDKROOT = iphoneos;
				SWIFT_OPTIMIZATION_LEVEL = "-Owholemodule";
				VALIDATE_PRODUCT = YES;
			};
			name = Release;
		};
		7F1090E1207C05490003AAD8 /* Debug */ = {
			isa = XCBuildConfiguration;
			buildSettings = {
				ASSETCATALOG_COMPILER_APPICON_NAME = AppIcon;
				CODE_SIGN_STYLE = Automatic;
				INFOPLIST_FILE = ProjectThree/Info.plist;
				LD_RUNPATH_SEARCH_PATHS = "$(inherited) @executable_path/Frameworks";
				PRODUCT_BUNDLE_IDENTIFIER = UHWO.ProjectThree;
				PRODUCT_NAME = "$(TARGET_NAME)";
				SWIFT_VERSION = 4.0;
				TARGETED_DEVICE_FAMILY = "1,2";
			};
			name = Debug;
		};
		7F1090E2207C05490003AAD8 /* Release */ = {
			isa = XCBuildConfiguration;
			buildSettings = {
				ASSETCATALOG_COMPILER_APPICON_NAME = AppIcon;
				CODE_SIGN_STYLE = Automatic;
				INFOPLIST_FILE = ProjectThree/Info.plist;
				LD_RUNPATH_SEARCH_PATHS = "$(inherited) @executable_path/Frameworks";
				PRODUCT_BUNDLE_IDENTIFIER = UHWO.ProjectThree;
				PRODUCT_NAME = "$(TARGET_NAME)";
				SWIFT_VERSION = 4.0;
				TARGETED_DEVICE_FAMILY = "1,2";
			};
			name = Release;
		};
		7F1090E4207C05490003AAD8 /* Debug */ = {
			isa = XCBuildConfiguration;
			buildSettings = {
				ALWAYS_EMBED_SWIFT_STANDARD_LIBRARIES = YES;
				BUNDLE_LOADER = "$(TEST_HOST)";
				CODE_SIGN_STYLE = Automatic;
				INFOPLIST_FILE = ProjectThreeTests/Info.plist;
				LD_RUNPATH_SEARCH_PATHS = "$(inherited) @executable_path/Frameworks @loader_path/Frameworks";
				PRODUCT_BUNDLE_IDENTIFIER = UHWO.ProjectThreeTests;
				PRODUCT_NAME = "$(TARGET_NAME)";
				SWIFT_VERSION = 4.0;
				TARGETED_DEVICE_FAMILY = "1,2";
				TEST_HOST = "$(BUILT_PRODUCTS_DIR)/ProjectThree.app/ProjectThree";
			};
			name = Debug;
		};
		7F1090E5207C05490003AAD8 /* Release */ = {
			isa = XCBuildConfiguration;
			buildSettings = {
				ALWAYS_EMBED_SWIFT_STANDARD_LIBRARIES = YES;
				BUNDLE_LOADER = "$(TEST_HOST)";
				CODE_SIGN_STYLE = Automatic;
				INFOPLIST_FILE = ProjectThreeTests/Info.plist;
				LD_RUNPATH_SEARCH_PATHS = "$(inherited) @executable_path/Frameworks @loader_path/Frameworks";
				PRODUCT_BUNDLE_IDENTIFIER = UHWO.ProjectThreeTests;
				PRODUCT_NAME = "$(TARGET_NAME)";
				SWIFT_VERSION = 4.0;
				TARGETED_DEVICE_FAMILY = "1,2";
				TEST_HOST = "$(BUILT_PRODUCTS_DIR)/ProjectThree.app/ProjectThree";
			};
			name = Release;
		};
		7F1090E7207C05490003AAD8 /* Debug */ = {
			isa = XCBuildConfiguration;
			buildSettings = {
				ALWAYS_EMBED_SWIFT_STANDARD_LIBRARIES = YES;
				CODE_SIGN_STYLE = Automatic;
				INFOPLIST_FILE = ProjectThreeUITests/Info.plist;
				LD_RUNPATH_SEARCH_PATHS = "$(inherited) @executable_path/Frameworks @loader_path/Frameworks";
				PRODUCT_BUNDLE_IDENTIFIER = UHWO.ProjectThreeUITests;
				PRODUCT_NAME = "$(TARGET_NAME)";
				SWIFT_VERSION = 4.0;
				TARGETED_DEVICE_FAMILY = "1,2";
				TEST_TARGET_NAME = ProjectThree;
			};
			name = Debug;
		};
		7F1090E8207C05490003AAD8 /* Release */ = {
			isa = XCBuildConfiguration;
			buildSettings = {
				ALWAYS_EMBED_SWIFT_STANDARD_LIBRARIES = YES;
				CODE_SIGN_STYLE = Automatic;
				INFOPLIST_FILE = ProjectThreeUITests/Info.plist;
				LD_RUNPATH_SEARCH_PATHS = "$(inherited) @executable_path/Frameworks @loader_path/Frameworks";
				PRODUCT_BUNDLE_IDENTIFIER = UHWO.ProjectThreeUITests;
				PRODUCT_NAME = "$(TARGET_NAME)";
				SWIFT_VERSION = 4.0;
				TARGETED_DEVICE_FAMILY = "1,2";
				TEST_TARGET_NAME = ProjectThree;
			};
			name = Release;
		};
/* End XCBuildConfiguration section */

/* Begin XCConfigurationList section */
		7F1090B3207C05490003AAD8 /* Build configuration list for PBXProject "ProjectThree" */ = {
			isa = XCConfigurationList;
			buildConfigurations = (
				7F1090DE207C05490003AAD8 /* Debug */,
				7F1090DF207C05490003AAD8 /* Release */,
			);
			defaultConfigurationIsVisible = 0;
			defaultConfigurationName = Release;
		};
		7F1090E0207C05490003AAD8 /* Build configuration list for PBXNativeTarget "ProjectThree" */ = {
			isa = XCConfigurationList;
			buildConfigurations = (
				7F1090E1207C05490003AAD8 /* Debug */,
				7F1090E2207C05490003AAD8 /* Release */,
			);
			defaultConfigurationIsVisible = 0;
			defaultConfigurationName = Release;
		};
		7F1090E3207C05490003AAD8 /* Build configuration list for PBXNativeTarget "ProjectThreeTests" */ = {
			isa = XCConfigurationList;
			buildConfigurations = (
				7F1090E4207C05490003AAD8 /* Debug */,
				7F1090E5207C05490003AAD8 /* Release */,
			);
			defaultConfigurationIsVisible = 0;
			defaultConfigurationName = Release;
		};
		7F1090E6207C05490003AAD8 /* Build configuration list for PBXNativeTarget "ProjectThreeUITests" */ = {
			isa = XCConfigurationList;
			buildConfigurations = (
				7F1090E7207C05490003AAD8 /* Debug */,
				7F1090E8207C05490003AAD8 /* Release */,
			);
			defaultConfigurationIsVisible = 0;
			defaultConfigurationName = Release;
		};
/* End XCConfigurationList section */
	};
	rootObject = 7F1090B0207C05490003AAD8 /* Project object */;
}
